
Microsoft Visual Studio Solution File, Format Version 12.00
# Visual Studio Version 17
VisualStudioVersion = 17.10.35013.160
MinimumVisualStudioVersion = 10.0.40219.1
Project("{FAE04EC0-301F-11D3-BF4B-00C04F79EFBC}") = "APPLICATION_BACKEND", "APPLICATION_BACKEND.csproj", "{C51DC773-6043-4C84-913C-C2DC891D7E30}"
EndProject
Global
	GlobalSection(SolutionConfigurationPlatforms) = preSolution
		Debug|Any CPU = Debug|Any CPU
		Release|Any CPU = Release|Any CPU
	EndGlobalSection
	GlobalSection(ProjectConfigurationPlatforms) = postSolution
		{C51DC773-6043-4C84-913C-C2DC891D7E30}.Debug|Any CPU.ActiveCfg = Debug|Any CPU
		{C51DC773-6043-4C84-913C-C2DC891D7E30}.Debug|Any CPU.Build.0 = Debug|Any CPU
		{C51DC773-6043-4C84-913C-C2DC891D7E30}.Release|Any CPU.ActiveCfg = Release|Any CPU
		{C51DC773-6043-4C84-913C-C2DC891D7E30}.Release|Any CPU.Build.0 = Release|Any CPU
	EndGlobalSection
	GlobalSection(SolutionProperties) = preSolution
		HideSolutionNode = FALSE
	EndGlobalSection
	GlobalSection(ExtensibilityGlobals) = postSolution
		SolutionGuid = {7CB77A66-16F7-490B-B1E1-F9E71F4A3845}
	EndGlobalSection
EndGlobal
